
Microsoft Visual Studio Solution File, Format Version 12.00
# Visual Studio Version 16
VisualStudioVersion = 16.0.31112.23
MinimumVisualStudioVersion = 10.0.40219.1
Project("{FAE04EC0-301F-11D3-BF4B-00C04F79EFBC}") = "ShoppingListConsoleApp", "ShoppingListManager\ShoppingListConsoleApp.csproj", "{846C2368-84A2-421C-B3C4-AD1548269B91}"
EndProject
Global
	GlobalSection(SolutionConfigurationPlatforms) = preSolution
		Debug|Any CPU = Debug|Any CPU
		Release|Any CPU = Release|Any CPU
	EndGlobalSection
	GlobalSection(ProjectConfigurationPlatforms) = postSolution
		{846C2368-84A2-421C-B3C4-AD1548269B91}.Debug|Any CPU.ActiveCfg = Debug|Any CPU
		{846C2368-84A2-421C-B3C4-AD1548269B91}.Debug|Any CPU.Build.0 = Debug|Any CPU
		{846C2368-84A2-421C-B3C4-AD1548269B91}.Release|Any CPU.ActiveCfg = Release|Any CPU
		{846C2368-84A2-421C-B3C4-AD1548269B91}.Release|Any CPU.Build.0 = Release|Any CPU
	EndGlobalSection
	GlobalSection(SolutionProperties) = preSolution
		HideSolutionNode = FALSE
	EndGlobalSection
	GlobalSection(ExtensibilityGlobals) = postSolution
		SolutionGuid = {E53DB6F4-C18B-4BED-91B6-B2BD6AD93E51}
	EndGlobalSection
EndGlobal
